
Microsoft Visual Studio Solution File, Format Version 12.00
# Visual Studio Version 17
VisualStudioVersion = 17.2.32519.379
MinimumVisualStudioVersion = 10.0.40219.1
Project("{FAE04EC0-301F-11D3-BF4B-00C04F79EFBC}") = "Day24_LambdaLearningProblem", "Day24_LambdaLearningProblem\Day24_LambdaLearningProblem.csproj", "{030D0B72-35E2-47C7-9548-E024ED645B1D}"
EndProject
Global
	GlobalSection(SolutionConfigurationPlatforms) = preSolution
		Debug|Any CPU = Debug|Any CPU
		Release|Any CPU = Release|Any CPU
	EndGlobalSection
	GlobalSection(ProjectConfigurationPlatforms) = postSolution
		{030D0B72-35E2-47C7-9548-E024ED645B1D}.Debug|Any CPU.ActiveCfg = Debug|Any CPU
		{030D0B72-35E2-47C7-9548-E024ED645B1D}.Debug|Any CPU.Build.0 = Debug|Any CPU
		{030D0B72-35E2-47C7-9548-E024ED645B1D}.Release|Any CPU.ActiveCfg = Release|Any CPU
		{030D0B72-35E2-47C7-9548-E024ED645B1D}.Release|Any CPU.Build.0 = Release|Any CPU
	EndGlobalSection
	GlobalSection(SolutionProperties) = preSolution
		HideSolutionNode = FALSE
	EndGlobalSection
	GlobalSection(ExtensibilityGlobals) = postSolution
		SolutionGuid = {2978A71A-C6F9-44F5-9576-B265E456B6BB}
	EndGlobalSection
EndGlobal
